
Microsoft Visual Studio Solution File, Format Version 12.00
# Visual Studio Version 17
VisualStudioVersion = 17.9.34701.34
MinimumVisualStudioVersion = 10.0.40219.1
Project("{FAE04EC0-301F-11D3-BF4B-00C04F79EFBC}") = "WindowsDownload", "WindowsDownload\WindowsDownload.csproj", "{83D40863-7043-4228-ADA8-8F825E47990B}"
EndProject
Global
	GlobalSection(SolutionConfigurationPlatforms) = preSolution
		Debug|Any CPU = Debug|Any CPU
		Release|Any CPU = Release|Any CPU
	EndGlobalSection
	GlobalSection(ProjectConfigurationPlatforms) = postSolution
		{83D40863-7043-4228-ADA8-8F825E47990B}.Debug|Any CPU.ActiveCfg = Debug|Any CPU
		{83D40863-7043-4228-ADA8-8F825E47990B}.Debug|Any CPU.Build.0 = Debug|Any CPU
		{83D40863-7043-4228-ADA8-8F825E47990B}.Release|Any CPU.ActiveCfg = Release|Any CPU
		{83D40863-7043-4228-ADA8-8F825E47990B}.Release|Any CPU.Build.0 = Release|Any CPU
	EndGlobalSection
	GlobalSection(SolutionProperties) = preSolution
		HideSolutionNode = FALSE
	EndGlobalSection
	GlobalSection(ExtensibilityGlobals) = postSolution
		SolutionGuid = {37760A9C-827E-4E6F-8536-1145015CE6AC}
	EndGlobalSection
EndGlobal
